
Microsoft Visual Studio Solution File, Format Version 12.00
# Visual Studio Version 17
VisualStudioVersion = 17.10.35004.147
MinimumVisualStudioVersion = 10.0.40219.1
Project("{FAE04EC0-301F-11D3-BF4B-00C04F79EFBC}") = "Steganographer", "Steganographer\Steganographer.csproj", "{CE94C947-6A65-4A3A-9B19-1F3F6312A71A}"
EndProject
Global
	GlobalSection(SolutionConfigurationPlatforms) = preSolution
		Debug|Any CPU = Debug|Any CPU
		Release|Any CPU = Release|Any CPU
	EndGlobalSection
	GlobalSection(ProjectConfigurationPlatforms) = postSolution
		{CE94C947-6A65-4A3A-9B19-1F3F6312A71A}.Debug|Any CPU.ActiveCfg = Debug|Any CPU
		{CE94C947-6A65-4A3A-9B19-1F3F6312A71A}.Debug|Any CPU.Build.0 = Debug|Any CPU
		{CE94C947-6A65-4A3A-9B19-1F3F6312A71A}.Release|Any CPU.ActiveCfg = Release|Any CPU
		{CE94C947-6A65-4A3A-9B19-1F3F6312A71A}.Release|Any CPU.Build.0 = Release|Any CPU
	EndGlobalSection
	GlobalSection(SolutionProperties) = preSolution
		HideSolutionNode = FALSE
	EndGlobalSection
	GlobalSection(ExtensibilityGlobals) = postSolution
		SolutionGuid = {7164187B-5D3B-4369-BC0A-F865E7168DBE}
	EndGlobalSection
EndGlobal
